
Microsoft Visual Studio Solution File, Format Version 12.00
# Visual Studio 15
VisualStudioVersion = 15.0.28307.271
MinimumVisualStudioVersion = 10.0.40219.1
Project("{FAE04EC0-301F-11D3-BF4B-00C04F79EFBC}") = "simpleAspDotNetapp", "simpleAspDotNetapp\simpleAspDotNetapp.csproj", "{DFF1AA98-CA51-4869-A5A0-9F9E01EAD75A}"
EndProject
Global
	GlobalSection(SolutionConfigurationPlatforms) = preSolution
		Debug|Any CPU = Debug|Any CPU
		Release|Any CPU = Release|Any CPU
	EndGlobalSection
	GlobalSection(ProjectConfigurationPlatforms) = postSolution
		{DFF1AA98-CA51-4869-A5A0-9F9E01EAD75A}.Debug|Any CPU.ActiveCfg = Debug|Any CPU
		{DFF1AA98-CA51-4869-A5A0-9F9E01EAD75A}.Debug|Any CPU.Build.0 = Debug|Any CPU
		{DFF1AA98-CA51-4869-A5A0-9F9E01EAD75A}.Release|Any CPU.ActiveCfg = Release|Any CPU
		{DFF1AA98-CA51-4869-A5A0-9F9E01EAD75A}.Release|Any CPU.Build.0 = Release|Any CPU
	EndGlobalSection
	GlobalSection(SolutionProperties) = preSolution
		HideSolutionNode = FALSE
	EndGlobalSection
	GlobalSection(ExtensibilityGlobals) = postSolution
		SolutionGuid = {85AE6E9F-8329-4018-857B-567EC10D20A7}
	EndGlobalSection
EndGlobal
